
Microsoft Visual Studio Solution File, Format Version 12.00
# Visual Studio Version 17
VisualStudioVersion = 17.0.32112.339
MinimumVisualStudioVersion = 10.0.40219.1
Project("{9A19103F-16F7-4668-BE54-9A1E7A4F7556}") = "sofarlogger", "sofarlogger.csproj", "{87D8C6D1-EDCE-4EB6-AAA7-6CD0C9353C63}"
EndProject
Global
	GlobalSection(SolutionConfigurationPlatforms) = preSolution
		Debug|Any CPU = Debug|Any CPU
		Release|Any CPU = Release|Any CPU
	EndGlobalSection
	GlobalSection(ProjectConfigurationPlatforms) = postSolution
		{87D8C6D1-EDCE-4EB6-AAA7-6CD0C9353C63}.Debug|Any CPU.ActiveCfg = Debug|Any CPU
		{87D8C6D1-EDCE-4EB6-AAA7-6CD0C9353C63}.Debug|Any CPU.Build.0 = Debug|Any CPU
		{87D8C6D1-EDCE-4EB6-AAA7-6CD0C9353C63}.Release|Any CPU.ActiveCfg = Release|Any CPU
		{87D8C6D1-EDCE-4EB6-AAA7-6CD0C9353C63}.Release|Any CPU.Build.0 = Release|Any CPU
	EndGlobalSection
	GlobalSection(SolutionProperties) = preSolution
		HideSolutionNode = FALSE
	EndGlobalSection
	GlobalSection(ExtensibilityGlobals) = postSolution
		SolutionGuid = {8F7C9BFC-45C7-4563-8444-B331B77D821A}
	EndGlobalSection
EndGlobal
